
Microsoft Visual Studio Solution File, Format Version 12.00
# Visual Studio 14
VisualStudioVersion = 14.0.24720.0
MinimumVisualStudioVersion = 10.0.40219.1
Project("{FAE04EC0-301F-11D3-BF4B-00C04F79EFBC}") = "Client", "Client\Client.csproj", "{A4C314D2-E1BD-4863-91F2-AD5ECE2FF4C7}"
EndProject
Project("{FAE04EC0-301F-11D3-BF4B-00C04F79EFBC}") = "Messages", "Messages\Messages.csproj", "{50ACA2DA-E55B-406B-9393-C98D825234CD}"
EndProject
Global
	GlobalSection(SolutionConfigurationPlatforms) = preSolution
		Debug|Any CPU = Debug|Any CPU
		Release|Any CPU = Release|Any CPU
	EndGlobalSection
	GlobalSection(ProjectConfigurationPlatforms) = postSolution
		{A4C314D2-E1BD-4863-91F2-AD5ECE2FF4C7}.Debug|Any CPU.ActiveCfg = Debug|Any CPU
		{A4C314D2-E1BD-4863-91F2-AD5ECE2FF4C7}.Debug|Any CPU.Build.0 = Debug|Any CPU
		{A4C314D2-E1BD-4863-91F2-AD5ECE2FF4C7}.Release|Any CPU.ActiveCfg = Release|Any CPU
		{A4C314D2-E1BD-4863-91F2-AD5ECE2FF4C7}.Release|Any CPU.Build.0 = Release|Any CPU
		{50ACA2DA-E55B-406B-9393-C98D825234CD}.Debug|Any CPU.ActiveCfg = Debug|Any CPU
		{50ACA2DA-E55B-406B-9393-C98D825234CD}.Debug|Any CPU.Build.0 = Debug|Any CPU
		{50ACA2DA-E55B-406B-9393-C98D825234CD}.Release|Any CPU.ActiveCfg = Release|Any CPU
		{50ACA2DA-E55B-406B-9393-C98D825234CD}.Release|Any CPU.Build.0 = Release|Any CPU
	EndGlobalSection
	GlobalSection(SolutionProperties) = preSolution
		HideSolutionNode = FALSE
	EndGlobalSection
EndGlobal
